// !$*UTF8*$!
{
	archiveVersion = 1;
	classes = {
	};
	objectVersion = 50;
	objects = {

/* Begin PBXBuildFile section */
		ED43CF1322DCC54B00947CF1 /* AppDelegate.swift in Sources */ = {isa = PBXBuildFile; fileRef = ED43CF1222DCC54B00947CF1 /* AppDelegate.swift */; };
		ED43CF1522DCC54B00947CF1 /* ViewController.swift in Sources */ = {isa = PBXBuildFile; fileRef = ED43CF1422DCC54B00947CF1 /* ViewController.swift */; };
		ED43CF1822DCC54B00947CF1 /* Main.storyboard in Resources */ = {isa = PBXBuildFile; fileRef = ED43CF1622DCC54B00947CF1 /* Main.storyboard */; };
		ED43CF1A22DCC54C00947CF1 /* Assets.xcassets in Resources */ = {isa = PBXBuildFile; fileRef = ED43CF1922DCC54C00947CF1 /* Assets.xcassets */; };
		ED43CF1D22DCC54C00947CF1 /* LaunchScreen.storyboard in Resources */ = {isa = PBXBuildFile; fileRef = ED43CF1B22DCC54C00947CF1 /* LaunchScreen.storyboard */; };
/* End PBXBuildFile section */

/* Begin PBXFileReference section */
		ED43CF0F22DCC54B00947CF1 /* DnDice.app */ = {isa = PBXFileReference; explicitFileType = wrapper.application; includeInIndex = 0; path = DnDice.app; sourceTree = BUILT_PRODUCTS_DIR; };
		ED43CF1222DCC54B00947CF1 /* AppDelegate.swift */ = {isa = PBXFileReference; lastKnownFileType = sourcecode.swift; path = AppDelegate.swift; sourceTree = "<group>"; };
		ED43CF1422DCC54B00947CF1 /* ViewController.swift */ = {isa = PBXFileReference; lastKnownFileType = sourcecode.swift; path = ViewController.swift; sourceTree = "<group>"; };
		ED43CF1722DCC54B00947CF1 /* Base */ = {isa = PBXFileReference; lastKnownFileType = file.storyboard; name = Base; path = Base.lproj/Main.storyboard; sourceTree = "<group>"; };
		ED43CF1922DCC54C00947CF1 /* Assets.xcassets */ = {isa = PBXFileReference; lastKnownFileType = folder.assetcatalog; path = Assets.xcassets; sourceTree = "<group>"; };
		ED43CF1C22DCC54C00947CF1 /* Base */ = {isa = PBXFileReference; lastKnownFileType = file.storyboard; name = Base; path = Base.lproj/LaunchScreen.storyboard; sourceTree = "<group>"; };
		ED43CF1E22DCC54C00947CF1 /* Info.plist */ = {isa = PBXFileReference; lastKnownFileType = text.plist.xml; path = Info.plist; sourceTree = "<group>"; };
/* End PBXFileReference section */

/* Begin PBXFrameworksBuildPhase section */
		ED43CF0C22DCC54B00947CF1 /* Frameworks */ = {
			isa = PBXFrameworksBuildPhase;
			buildActionMask = 2147483647;
			files = (
			);
			runOnlyForDeploymentPostprocessing = 0;
		};
/* End PBXFrameworksBuildPhase section */

/* Begin PBXGroup section */
		ED43CF0622DCC54B00947CF1 = {
			isa = PBXGroup;
			children = (
				ED43CF1122DCC54B00947CF1 /* DnDice */,
				ED43CF1022DCC54B00947CF1 /* Products */,
			);
			sourceTree = "<group>";
		};
		ED43CF1022DCC54B00947CF1 /* Products */ = {
			isa = PBXGroup;
			children = (
				ED43CF0F22DCC54B00947CF1 /* DnDice.app */,
			);
			name = Products;
			sourceTree = "<group>";
		};
		ED43CF1122DCC54B00947CF1 /* DnDice */ = {
			isa = PBXGroup;
			children = (
				ED43CF1222DCC54B00947CF1 /* AppDelegate.swift */,
				ED43CF1422DCC54B00947CF1 /* ViewController.swift */,
				ED43CF1622DCC54B00947CF1 /* Main.storyboard */,
				ED43CF1922DCC54C00947CF1 /* Assets.xcassets */,
				ED43CF1B22DCC54C00947CF1 /* LaunchScreen.storyboard */,
				ED43CF1E22DCC54C00947CF1 /* Info.plist */,
			);
			path = DnDice;
			sourceTree = "<group>";
		};
/* End PBXGroup section */

/* Begin PBXNativeTarget section */
		ED43CF0E22DCC54B00947CF1 /* DnDice */ = {
			isa = PBXNativeTarget;
			buildConfigurationList = ED43CF2122DCC54C00947CF1 /* Build configuration list for PBXNativeTarget "DnDice" */;
			buildPhases = (
				ED43CF0B22DCC54B00947CF1 /* Sources */,
				ED43CF0C22DCC54B00947CF1 /* Frameworks */,
				ED43CF0D22DCC54B00947CF1 /* Resources */,
			);
			buildRules = (
			);
			dependencies = (
			);
			name = DnDice;
			productName = DnDice;
			productReference = ED43CF0F22DCC54B00947CF1 /* DnDice.app */;
			productType = "com.apple.product-type.application";
		};
/* End PBXNativeTarget section */

/* Begin PBXProject section */
		ED43CF0722DCC54B00947CF1 /* Project object */ = {
			isa = PBXProject;
			attributes = {
				LastSwiftUpdateCheck = 1020;
				LastUpgradeCheck = 1020;
				ORGANIZATIONNAME = "Rodrigo Luz";
				TargetAttributes = {
					ED43CF0E22DCC54B00947CF1 = {
						CreatedOnToolsVersion = 10.2;
					};
				};
			};
			buildConfigurationList = ED43CF0A22DCC54B00947CF1 /* Build configuration list for PBXProject "DnDice" */;
			compatibilityVersion = "Xcode 9.3";
			developmentRegion = en;
			hasScannedForEncodings = 0;
			knownRegions = (
				en,
				Base,
			);
			mainGroup = ED43CF0622DCC54B00947CF1;
			productRefGroup = ED43CF1022DCC54B00947CF1 /* Products */;
			projectDirPath = "";
			projectRoot = "";
			targets = (
				ED43CF0E22DCC54B00947CF1 /* DnDice */,
			);
		};
/* End PBXProject section */

/* Begin PBXResourcesBuildPhase section */
		ED43CF0D22DCC54B00947CF1 /* Resources */ = {
			isa = PBXResourcesBuildPhase;
			buildActionMask = 2147483647;
			files = (
				ED43CF1D22DCC54C00947CF1 /* LaunchScreen.storyboard in Resources */,
				ED43CF1A22DCC54C00947CF1 /* Assets.xcassets in Resources */,
				ED43CF1822DCC54B00947CF1 /* Main.storyboard in Resources */,
			);
			runOnlyForDeploymentPostprocessing = 0;
		};
/* End PBXResourcesBuildPhase section */

/* Begin PBXSourcesBuildPhase section */
		ED43CF0B22DCC54B00947CF1 /* Sources */ = {
			isa = PBXSourcesBuildPhase;
			buildActionMask = 2147483647;
			files = (
				ED43CF1522DCC54B00947CF1 /* ViewController.swift in Sources */,
				ED43CF1322DCC54B00947CF1 /* AppDelegate.swift in Sources */,
			);
			runOnlyForDeploymentPostprocessing = 0;
		};
/* End PBXSourcesBuildPhase section */

/* Begin PBXVariantGroup section */
		ED43CF1622DCC54B00947CF1 /* Main.storyboard */ = {
			isa = PBXVariantGroup;
			children = (
				ED43CF1722DCC54B00947CF1 /* Base */,
			);
			name = Main.storyboard;
			sourceTree = "<group>";
		};
		ED43CF1B22DCC54C00947CF1 /* LaunchScreen.storyboard */ = {
			isa = PBXVariantGroup;
			children = (
				ED43CF1C22DCC54C00947CF1 /* Base */,
			);
			name = LaunchScreen.storyboard;
			sourceTree = "<group>";
		};
/* End PBXVariantGroup section */

/* Begin XCBuildConfiguration section */
		ED43CF1F22DCC54C00947CF1 /* Debug */ = {
			isa = XCBuildConfiguration;
			buildSettings = {
				ALWAYS_SEARCH_USER_PATHS = NO;
				CLANG_ANALYZER_NONNULL = YES;
				CLANG_ANALYZER_NUMBER_OBJECT_CONVERSION = YES_AGGRESSIVE;
				CLANG_CXX_LANGUAGE_STANDARD = "gnu++14";
				CLANG_CXX_LIBRARY = "libc++";
				CLANG_ENABLE_MODULES = YES;
				CLANG_ENABLE_OBJC_ARC = YES;
				CLANG_ENABLE_OBJC_WEAK = YES;
				CLANG_WARN_BLOCK_CAPTURE_AUTORELEASING = YES;
				CLANG_WARN_BOOL_CONVERSION = YES;
				CLANG_WARN_COMMA = YES;
				CLANG_WARN_CONSTANT_CONVERSION = YES;
				CLANG_WARN_DEPRECATED_OBJC_IMPLEMENTATIONS = YES;
				CLANG_WARN_DIRECT_OBJC_ISA_USAGE = YES_ERROR;
				CLANG_WARN_DOCUMENTATION_COMMENTS = YES;
				CLANG_WARN_EMPTY_BODY = YES;
				CLANG_WARN_ENUM_CONVERSION = YES;
				CLANG_WARN_INFINITE_RECURSION = YES;
				CLANG_WARN_INT_CONVERSION = YES;
				CLANG_WARN_NON_LITERAL_NULL_CONVERSION = YES;
				CLANG_WARN_OBJC_IMPLICIT_RETAIN_SELF = YES;
				CLANG_WARN_OBJC_LITERAL_CONVERSION = YES;
				CLANG_WARN_OBJC_ROOT_CLASS = YES_ERROR;
				CLANG_WARN_RANGE_LOOP_ANALYSIS = YES;
				CLANG_WARN_STRICT_PROTOTYPES = YES;
				CLANG_WARN_SUSPICIOUS_MOVE = YES;
				CLANG_WARN_UNGUARDED_AVAILABILITY = YES_AGGRESSIVE;
				CLANG_WARN_UNREACHABLE_CODE = YES;
				CLANG_WARN__DUPLICATE_METHOD_MATCH = YES;
				CODE_SIGN_IDENTITY = "iPhone Developer";
				COPY_PHASE_STRIP = NO;
				DEBUG_INFORMATION_FORMAT = dwarf;
				ENABLE_STRICT_OBJC_MSGSEND = YES;
				ENABLE_TESTABILITY = YES;
				GCC_C_LANGUAGE_STANDARD = gnu11;
				GCC_DYNAMIC_NO_PIC = NO;
				GCC_NO_COMMON_BLOCKS = YES;
				GCC_OPTIMIZATION_LEVEL = 0;
				GCC_PREPROCESSOR_DEFINITIONS = (
					"DEBUG=1",
					"$(inherited)",
				);
				GCC_WARN_64_TO_32_BIT_CONVERSION = YES;
				GCC_WARN_ABOUT_RETURN_TYPE = YES_ERROR;
				GCC_WARN_UNDECLARED_SELECTOR = YES;
				GCC_WARN_UNINITIALIZED_AUTOS = YES_AGGRESSIVE;
				GCC_WARN_UNUSED_FUNCTION = YES;
				GCC_WARN_UNUSED_VARIABLE = YES;
				IPHONEOS_DEPLOYMENT_TARGET = 12.2;
				MTL_ENABLE_DEBUG_INFO = INCLUDE_SOURCE;
				MTL_FAST_MATH = YES;
				ONLY_ACTIVE_ARCH = YES;
				SDKROOT = iphoneos;
				SWIFT_ACTIVE_COMPILATION_CONDITIONS = DEBUG;
				SWIFT_OPTIMIZATION_LEVEL = "-Onone";
			};
			name = Debug;
		};
		ED43CF2022DCC54C00947CF1 /* Release */ = {
			isa = XCBuildConfiguration;
			buildSettings = {
				ALWAYS_SEARCH_USER_PATHS = NO;
				CLANG_ANALYZER_NONNULL = YES;
				CLANG_ANALYZER_NUMBER_OBJECT_CONVERSION = YES_AGGRESSIVE;
				CLANG_CXX_LANGUAGE_STANDARD = "gnu++14";
				CLANG_CXX_LIBRARY = "libc++";
				CLANG_ENABLE_MODULES = YES;
				CLANG_ENABLE_OBJC_ARC = YES;
				CLANG_ENABLE_OBJC_WEAK = YES;
				CLANG_WARN_BLOCK_CAPTURE_AUTORELEASING = YES;
				CLANG_WARN_BOOL_CONVERSION = YES;
				CLANG_WARN_COMMA = YES;
				CLANG_WARN_CONSTANT_CONVERSION = YES;
				CLANG_WARN_DEPRECATED_OBJC_IMPLEMENTATIONS = YES;
				CLANG_WARN_DIRECT_OBJC_ISA_USAGE = YES_ERROR;
				CLANG_WARN_DOCUMENTATION_COMMENTS = YES;
				CLANG_WARN_EMPTY_BODY = YES;
				CLANG_WARN_ENUM_CONVERSION = YES;
				CLANG_WARN_INFINITE_RECURSION = YES;
				CLANG_WARN_INT_CONVERSION = YES;
				CLANG_WARN_NON_LITERAL_NULL_CONVERSION = YES;
				CLANG_WARN_OBJC_IMPLICIT_RETAIN_SELF = YES;
				CLANG_WARN_OBJC_LITERAL_CONVERSION = YES;
				CLANG_WARN_OBJC_ROOT_CLASS = YES_ERROR;
				CLANG_WARN_RANGE_LOOP_ANALYSIS = YES;
				CLANG_WARN_STRICT_PROTOTYPES = YES;
				CLANG_WARN_SUSPICIOUS_MOVE = YES;
				CLANG_WARN_UNGUARDED_AVAILABILITY = YES_AGGRESSIVE;
				CLANG_WARN_UNREACHABLE_CODE = YES;
				CLANG_WARN__DUPLICATE_METHOD_MATCH = YES;
				CODE_SIGN_IDENTITY = "iPhone Developer";
				COPY_PHASE_STRIP = NO;
				DEBUG_INFORMATION_FORMAT = "dwarf-with-dsym";
				ENABLE_NS_ASSERTIONS = NO;
				ENABLE_STRICT_OBJC_MSGSEND = YES;
				GCC_C_LANGUAGE_STANDARD = gnu11;
				GCC_NO_COMMON_BLOCKS = YES;
				GCC_WARN_64_TO_32_BIT_CONVERSION = YES;
				GCC_WARN_ABOUT_RETURN_TYPE = YES_ERROR;
				GCC_WARN_UNDECLARED_SELECTOR = YES;
				GCC_WARN_UNINITIALIZED_AUTOS = YES_AGGRESSIVE;
				GCC_WARN_UNUSED_FUNCTION = YES;
				GCC_WARN_UNUSED_VARIABLE = YES;
				IPHONEOS_DEPLOYMENT_TARGET = 12.2;
				MTL_ENABLE_DEBUG_INFO = NO;
				MTL_FAST_MATH = YES;
				SDKROOT = iphoneos;
				SWIFT_COMPILATION_MODE = wholemodule;
				SWIFT_OPTIMIZATION_LEVEL = "-O";
				VALIDATE_PRODUCT = YES;
			};
			name = Release;
		};
		ED43CF2222DCC54C00947CF1 /* Debug */ = {
			isa = XCBuildConfiguration;
			buildSettings = {
				ASSETCATALOG_COMPILER_APPICON_NAME = AppIcon;
				CODE_SIGN_STYLE = Automatic;
				INFOPLIST_FILE = DnDice/Info.plist;
				LD_RUNPATH_SEARCH_PATHS = (
					"$(inherited)",
					"@executable_path/Frameworks",
				);
				PRODUCT_BUNDLE_IDENTIFIER = curso.DnDice;
				PRODUCT_NAME = "$(TARGET_NAME)";
				SWIFT_VERSION = 5.0;
				TARGETED_DEVICE_FAMILY = "1,2";
			};
			name = Debug;
		};
		ED43CF2322DCC54C00947CF1 /* Release */ = {
			isa = XCBuildConfiguration;
			buildSettings = {
				ASSETCATALOG_COMPILER_APPICON_NAME = AppIcon;
				CODE_SIGN_STYLE = Automatic;
				INFOPLIST_FILE = DnDice/Info.plist;
				LD_RUNPATH_SEARCH_PATHS = (
					"$(inherited)",
					"@executable_path/Frameworks",
				);
				PRODUCT_BUNDLE_IDENTIFIER = curso.DnDice;
				PRODUCT_NAME = "$(TARGET_NAME)";
				SWIFT_VERSION = 5.0;
				TARGETED_DEVICE_FAMILY = "1,2";
			};
			name = Release;
		};
/* End XCBuildConfiguration section */

/* Begin XCConfigurationList section */
		ED43CF0A22DCC54B00947CF1 /* Build configuration list for PBXProject "DnDice" */ = {
			isa = XCConfigurationList;
			buildConfigurations = (
				ED43CF1F22DCC54C00947CF1 /* Debug */,
				ED43CF2022DCC54C00947CF1 /* Release */,
			);
			defaultConfigurationIsVisible = 0;
			defaultConfigurationName = Release;
		};
		ED43CF2122DCC54C00947CF1 /* Build configuration list for PBXNativeTarget "DnDice" */ = {
			isa = XCConfigurationList;
			buildConfigurations = (
				ED43CF2222DCC54C00947CF1 /* Debug */,
				ED43CF2322DCC54C00947CF1 /* Release */,
			);
			defaultConfigurationIsVisible = 0;
			defaultConfigurationName = Release;
		};
/* End XCConfigurationList section */
	};
	rootObject = ED43CF0722DCC54B00947CF1 /* Project object */;
}
